
Microsoft Visual Studio Solution File, Format Version 12.00
# Visual Studio Version 17
VisualStudioVersion = 17.5.33627.172
MinimumVisualStudioVersion = 10.0.40219.1
Project("{FAE04EC0-301F-11D3-BF4B-00C04F79EFBC}") = "GenericRepositoryPatternApp", "GenericRepositoryPatternApp.csproj", "{6A5201D1-CC6D-489E-8F1E-90B5E563A86F}"
EndProject
Global
	GlobalSection(SolutionConfigurationPlatforms) = preSolution
		Debug|Any CPU = Debug|Any CPU
		Release|Any CPU = Release|Any CPU
	EndGlobalSection
	GlobalSection(ProjectConfigurationPlatforms) = postSolution
		{6A5201D1-CC6D-489E-8F1E-90B5E563A86F}.Debug|Any CPU.ActiveCfg = Debug|Any CPU
		{6A5201D1-CC6D-489E-8F1E-90B5E563A86F}.Debug|Any CPU.Build.0 = Debug|Any CPU
		{6A5201D1-CC6D-489E-8F1E-90B5E563A86F}.Release|Any CPU.ActiveCfg = Release|Any CPU
		{6A5201D1-CC6D-489E-8F1E-90B5E563A86F}.Release|Any CPU.Build.0 = Release|Any CPU
	EndGlobalSection
	GlobalSection(SolutionProperties) = preSolution
		HideSolutionNode = FALSE
	EndGlobalSection
	GlobalSection(ExtensibilityGlobals) = postSolution
		SolutionGuid = {8D209D47-356C-470F-ACE3-2D2F5352877B}
	EndGlobalSection
EndGlobal
