
Microsoft Visual Studio Solution File, Format Version 12.00
# Visual Studio Version 17
VisualStudioVersion = 17.5.33502.453
MinimumVisualStudioVersion = 10.0.40219.1
Project("{FAE04EC0-301F-11D3-BF4B-00C04F79EFBC}") = "PublisherCoreLib", "PublisherCoreLib\PublisherCoreLib.csproj", "{034E91DB-5C04-42B1-906F-A578319E0828}"
EndProject
Project("{FAE04EC0-301F-11D3-BF4B-00C04F79EFBC}") = "AxisBankSuscriber", "AxisBankSuscriber\AxisBankSuscriber.csproj", "{125A2344-C422-4D92-88B0-041E4B81A3AF}"
EndProject
Project("{FAE04EC0-301F-11D3-BF4B-00C04F79EFBC}") = "HDFCBankSuscriber", "HDFCBankSuscriber\HDFCBankSuscriber.csproj", "{ED1A5BB6-9987-43C1-AEB2-9809C914E2C0}"
EndProject
Global
	GlobalSection(SolutionConfigurationPlatforms) = preSolution
		Debug|Any CPU = Debug|Any CPU
		Release|Any CPU = Release|Any CPU
	EndGlobalSection
	GlobalSection(ProjectConfigurationPlatforms) = postSolution
		{034E91DB-5C04-42B1-906F-A578319E0828}.Debug|Any CPU.ActiveCfg = Debug|Any CPU
		{034E91DB-5C04-42B1-906F-A578319E0828}.Debug|Any CPU.Build.0 = Debug|Any CPU
		{034E91DB-5C04-42B1-906F-A578319E0828}.Release|Any CPU.ActiveCfg = Release|Any CPU
		{034E91DB-5C04-42B1-906F-A578319E0828}.Release|Any CPU.Build.0 = Release|Any CPU
		{125A2344-C422-4D92-88B0-041E4B81A3AF}.Debug|Any CPU.ActiveCfg = Debug|Any CPU
		{125A2344-C422-4D92-88B0-041E4B81A3AF}.Debug|Any CPU.Build.0 = Debug|Any CPU
		{125A2344-C422-4D92-88B0-041E4B81A3AF}.Release|Any CPU.ActiveCfg = Release|Any CPU
		{125A2344-C422-4D92-88B0-041E4B81A3AF}.Release|Any CPU.Build.0 = Release|Any CPU
		{ED1A5BB6-9987-43C1-AEB2-9809C914E2C0}.Debug|Any CPU.ActiveCfg = Debug|Any CPU
		{ED1A5BB6-9987-43C1-AEB2-9809C914E2C0}.Debug|Any CPU.Build.0 = Debug|Any CPU
		{ED1A5BB6-9987-43C1-AEB2-9809C914E2C0}.Release|Any CPU.ActiveCfg = Release|Any CPU
		{ED1A5BB6-9987-43C1-AEB2-9809C914E2C0}.Release|Any CPU.Build.0 = Release|Any CPU
	EndGlobalSection
	GlobalSection(SolutionProperties) = preSolution
		HideSolutionNode = FALSE
	EndGlobalSection
	GlobalSection(ExtensibilityGlobals) = postSolution
		SolutionGuid = {D92E488B-C536-40CF-BA00-904DB2161FA5}
	EndGlobalSection
EndGlobal
