
Microsoft Visual Studio Solution File, Format Version 12.00
# Visual Studio Version 17
VisualStudioVersion = 17.5.33502.453
MinimumVisualStudioVersion = 10.0.40219.1
Project("{FAE04EC0-301F-11D3-BF4B-00C04F79EFBC}") = "FactoryMethodCoreLib", "FactoryMethodCoreLib\FactoryMethodCoreLib.csproj", "{95F5FA42-BB3D-44C6-9356-9C52570A70F6}"
EndProject
Project("{FAE04EC0-301F-11D3-BF4B-00C04F79EFBC}") = "FactoryMethodClientApp", "FactoryMethodClientApp\FactoryMethodClientApp.csproj", "{2A8CB936-9CDA-47D1-857D-6D47CCA743BF}"
EndProject
Global
	GlobalSection(SolutionConfigurationPlatforms) = preSolution
		Debug|Any CPU = Debug|Any CPU
		Release|Any CPU = Release|Any CPU
	EndGlobalSection
	GlobalSection(ProjectConfigurationPlatforms) = postSolution
		{95F5FA42-BB3D-44C6-9356-9C52570A70F6}.Debug|Any CPU.ActiveCfg = Debug|Any CPU
		{95F5FA42-BB3D-44C6-9356-9C52570A70F6}.Debug|Any CPU.Build.0 = Debug|Any CPU
		{95F5FA42-BB3D-44C6-9356-9C52570A70F6}.Release|Any CPU.ActiveCfg = Release|Any CPU
		{95F5FA42-BB3D-44C6-9356-9C52570A70F6}.Release|Any CPU.Build.0 = Release|Any CPU
		{2A8CB936-9CDA-47D1-857D-6D47CCA743BF}.Debug|Any CPU.ActiveCfg = Debug|Any CPU
		{2A8CB936-9CDA-47D1-857D-6D47CCA743BF}.Debug|Any CPU.Build.0 = Debug|Any CPU
		{2A8CB936-9CDA-47D1-857D-6D47CCA743BF}.Release|Any CPU.ActiveCfg = Release|Any CPU
		{2A8CB936-9CDA-47D1-857D-6D47CCA743BF}.Release|Any CPU.Build.0 = Release|Any CPU
	EndGlobalSection
	GlobalSection(SolutionProperties) = preSolution
		HideSolutionNode = FALSE
	EndGlobalSection
	GlobalSection(ExtensibilityGlobals) = postSolution
		SolutionGuid = {4A2793A0-7FB7-42D4-8613-9FFC256217AE}
	EndGlobalSection
EndGlobal
