
Microsoft Visual Studio Solution File, Format Version 12.00
# Visual Studio Version 17
VisualStudioVersion = 17.5.33502.453
MinimumVisualStudioVersion = 10.0.40219.1
Project("{FAE04EC0-301F-11D3-BF4B-00C04F79EFBC}") = "CustomerHashSetApp", "CustomerHashSetApp\CustomerHashSetApp.csproj", "{5D5C7D7D-E2C2-4DD7-912C-110BFE23853C}"
EndProject
Global
	GlobalSection(SolutionConfigurationPlatforms) = preSolution
		Debug|Any CPU = Debug|Any CPU
		Release|Any CPU = Release|Any CPU
	EndGlobalSection
	GlobalSection(ProjectConfigurationPlatforms) = postSolution
		{5D5C7D7D-E2C2-4DD7-912C-110BFE23853C}.Debug|Any CPU.ActiveCfg = Debug|Any CPU
		{5D5C7D7D-E2C2-4DD7-912C-110BFE23853C}.Debug|Any CPU.Build.0 = Debug|Any CPU
		{5D5C7D7D-E2C2-4DD7-912C-110BFE23853C}.Release|Any CPU.ActiveCfg = Release|Any CPU
		{5D5C7D7D-E2C2-4DD7-912C-110BFE23853C}.Release|Any CPU.Build.0 = Release|Any CPU
	EndGlobalSection
	GlobalSection(SolutionProperties) = preSolution
		HideSolutionNode = FALSE
	EndGlobalSection
	GlobalSection(ExtensibilityGlobals) = postSolution
		SolutionGuid = {8063D586-30C7-4A4E-8EE8-F1E83DF6E4A6}
	EndGlobalSection
EndGlobal
