
Microsoft Visual Studio Solution File, Format Version 12.00
# Visual Studio Version 17
VisualStudioVersion = 17.5.33502.453
MinimumVisualStudioVersion = 10.0.40219.1
Project("{FAE04EC0-301F-11D3-BF4B-00C04F79EFBC}") = "MovieBusinessLayerLib", "MovieBusinessLayerLib\MovieBusinessLayerLib.csproj", "{108316B9-2C7C-4ECB-81F9-632E2491A038}"
EndProject
Project("{FAE04EC0-301F-11D3-BF4B-00C04F79EFBC}") = "MovieConsoleApp", "MovieConsoleApp\MovieConsoleApp.csproj", "{CE16AD78-70F9-4B36-B829-C5B931DA0716}"
EndProject
Global
	GlobalSection(SolutionConfigurationPlatforms) = preSolution
		Debug|Any CPU = Debug|Any CPU
		Release|Any CPU = Release|Any CPU
	EndGlobalSection
	GlobalSection(ProjectConfigurationPlatforms) = postSolution
		{108316B9-2C7C-4ECB-81F9-632E2491A038}.Debug|Any CPU.ActiveCfg = Debug|Any CPU
		{108316B9-2C7C-4ECB-81F9-632E2491A038}.Debug|Any CPU.Build.0 = Debug|Any CPU
		{108316B9-2C7C-4ECB-81F9-632E2491A038}.Release|Any CPU.ActiveCfg = Release|Any CPU
		{108316B9-2C7C-4ECB-81F9-632E2491A038}.Release|Any CPU.Build.0 = Release|Any CPU
		{CE16AD78-70F9-4B36-B829-C5B931DA0716}.Debug|Any CPU.ActiveCfg = Debug|Any CPU
		{CE16AD78-70F9-4B36-B829-C5B931DA0716}.Debug|Any CPU.Build.0 = Debug|Any CPU
		{CE16AD78-70F9-4B36-B829-C5B931DA0716}.Release|Any CPU.ActiveCfg = Release|Any CPU
		{CE16AD78-70F9-4B36-B829-C5B931DA0716}.Release|Any CPU.Build.0 = Release|Any CPU
	EndGlobalSection
	GlobalSection(SolutionProperties) = preSolution
		HideSolutionNode = FALSE
	EndGlobalSection
	GlobalSection(ExtensibilityGlobals) = postSolution
		SolutionGuid = {9C6EA46F-2F64-41FA-93B3-05B84D1333D4}
	EndGlobalSection
EndGlobal
