
Microsoft Visual Studio Solution File, Format Version 12.00
# Visual Studio Version 17
VisualStudioVersion = 17.5.33502.453
MinimumVisualStudioVersion = 10.0.40219.1
Project("{9A19103F-16F7-4668-BE54-9A1E7A4F7556}") = "HatDecoratorApp", "HatDecoratorApp\HatDecoratorApp.csproj", "{89769DF4-2AC2-4B5F-B531-F2B886ECC70F}"
EndProject
Project("{FAE04EC0-301F-11D3-BF4B-00C04F79EFBC}") = "CarServiceDecoratorApp", "CarServiceDecoratorApp\CarServiceDecoratorApp.csproj", "{379D4239-3AD8-474E-94C8-65ECC7991E8D}"
EndProject
Global
	GlobalSection(SolutionConfigurationPlatforms) = preSolution
		Debug|Any CPU = Debug|Any CPU
		Release|Any CPU = Release|Any CPU
	EndGlobalSection
	GlobalSection(ProjectConfigurationPlatforms) = postSolution
		{89769DF4-2AC2-4B5F-B531-F2B886ECC70F}.Debug|Any CPU.ActiveCfg = Debug|Any CPU
		{89769DF4-2AC2-4B5F-B531-F2B886ECC70F}.Debug|Any CPU.Build.0 = Debug|Any CPU
		{89769DF4-2AC2-4B5F-B531-F2B886ECC70F}.Release|Any CPU.ActiveCfg = Release|Any CPU
		{89769DF4-2AC2-4B5F-B531-F2B886ECC70F}.Release|Any CPU.Build.0 = Release|Any CPU
		{379D4239-3AD8-474E-94C8-65ECC7991E8D}.Debug|Any CPU.ActiveCfg = Debug|Any CPU
		{379D4239-3AD8-474E-94C8-65ECC7991E8D}.Debug|Any CPU.Build.0 = Debug|Any CPU
		{379D4239-3AD8-474E-94C8-65ECC7991E8D}.Release|Any CPU.ActiveCfg = Release|Any CPU
		{379D4239-3AD8-474E-94C8-65ECC7991E8D}.Release|Any CPU.Build.0 = Release|Any CPU
	EndGlobalSection
	GlobalSection(SolutionProperties) = preSolution
		HideSolutionNode = FALSE
	EndGlobalSection
	GlobalSection(ExtensibilityGlobals) = postSolution
		SolutionGuid = {17C3757E-4891-47F1-82CC-01224D9C3B66}
	EndGlobalSection
EndGlobal
