
Microsoft Visual Studio Solution File, Format Version 12.00
# Visual Studio Version 17
VisualStudioVersion = 17.5.33502.453
MinimumVisualStudioVersion = 10.0.40219.1
Project("{FAE04EC0-301F-11D3-BF4B-00C04F79EFBC}") = "SRPViolationApp", "SRPViolationApp\SRPViolationApp.csproj", "{144C7DA3-8AAF-4BE9-8E6F-077634A839B7}"
EndProject
Project("{FAE04EC0-301F-11D3-BF4B-00C04F79EFBC}") = "SRPRefectoredApp", "SRPRefectoredApp\SRPRefectoredApp.csproj", "{1B818365-54D5-485C-8B34-C050840F9C82}"
EndProject
Global
	GlobalSection(SolutionConfigurationPlatforms) = preSolution
		Debug|Any CPU = Debug|Any CPU
		Release|Any CPU = Release|Any CPU
	EndGlobalSection
	GlobalSection(ProjectConfigurationPlatforms) = postSolution
		{144C7DA3-8AAF-4BE9-8E6F-077634A839B7}.Debug|Any CPU.ActiveCfg = Debug|Any CPU
		{144C7DA3-8AAF-4BE9-8E6F-077634A839B7}.Debug|Any CPU.Build.0 = Debug|Any CPU
		{144C7DA3-8AAF-4BE9-8E6F-077634A839B7}.Release|Any CPU.ActiveCfg = Release|Any CPU
		{144C7DA3-8AAF-4BE9-8E6F-077634A839B7}.Release|Any CPU.Build.0 = Release|Any CPU
		{1B818365-54D5-485C-8B34-C050840F9C82}.Debug|Any CPU.ActiveCfg = Debug|Any CPU
		{1B818365-54D5-485C-8B34-C050840F9C82}.Debug|Any CPU.Build.0 = Debug|Any CPU
		{1B818365-54D5-485C-8B34-C050840F9C82}.Release|Any CPU.ActiveCfg = Release|Any CPU
		{1B818365-54D5-485C-8B34-C050840F9C82}.Release|Any CPU.Build.0 = Release|Any CPU
	EndGlobalSection
	GlobalSection(SolutionProperties) = preSolution
		HideSolutionNode = FALSE
	EndGlobalSection
	GlobalSection(ExtensibilityGlobals) = postSolution
		SolutionGuid = {89F667FC-822B-48D6-882F-D4CFED2D29F7}
	EndGlobalSection
EndGlobal
