
Microsoft Visual Studio Solution File, Format Version 12.00
# Visual Studio Version 17
VisualStudioVersion = 17.5.33502.453
MinimumVisualStudioVersion = 10.0.40219.1
Project("{FAE04EC0-301F-11D3-BF4B-00C04F79EFBC}") = "AccountEventApp", "AccountEventApp.csproj", "{E66C088D-9AB5-4F68-B951-88DC15AAEAC3}"
EndProject
Global
	GlobalSection(SolutionConfigurationPlatforms) = preSolution
		Debug|Any CPU = Debug|Any CPU
		Release|Any CPU = Release|Any CPU
	EndGlobalSection
	GlobalSection(ProjectConfigurationPlatforms) = postSolution
		{E66C088D-9AB5-4F68-B951-88DC15AAEAC3}.Debug|Any CPU.ActiveCfg = Debug|Any CPU
		{E66C088D-9AB5-4F68-B951-88DC15AAEAC3}.Debug|Any CPU.Build.0 = Debug|Any CPU
		{E66C088D-9AB5-4F68-B951-88DC15AAEAC3}.Release|Any CPU.ActiveCfg = Release|Any CPU
		{E66C088D-9AB5-4F68-B951-88DC15AAEAC3}.Release|Any CPU.Build.0 = Release|Any CPU
	EndGlobalSection
	GlobalSection(SolutionProperties) = preSolution
		HideSolutionNode = FALSE
	EndGlobalSection
	GlobalSection(ExtensibilityGlobals) = postSolution
		SolutionGuid = {91789DFB-8EB7-4B43-9CCC-30E6B1CCF24C}
	EndGlobalSection
EndGlobal
