
Microsoft Visual Studio Solution File, Format Version 12.00
# Visual Studio Version 17
VisualStudioVersion = 17.5.33502.453
MinimumVisualStudioVersion = 10.0.40219.1
Project("{FAE04EC0-301F-11D3-BF4B-00C04F79EFBC}") = "MathDelegateApp", "MathDelegateApp.csproj", "{C35B60E0-54DF-46A8-8A7C-4F0DC4D5AB0E}"
EndProject
Global
	GlobalSection(SolutionConfigurationPlatforms) = preSolution
		Debug|Any CPU = Debug|Any CPU
		Release|Any CPU = Release|Any CPU
	EndGlobalSection
	GlobalSection(ProjectConfigurationPlatforms) = postSolution
		{C35B60E0-54DF-46A8-8A7C-4F0DC4D5AB0E}.Debug|Any CPU.ActiveCfg = Debug|Any CPU
		{C35B60E0-54DF-46A8-8A7C-4F0DC4D5AB0E}.Debug|Any CPU.Build.0 = Debug|Any CPU
		{C35B60E0-54DF-46A8-8A7C-4F0DC4D5AB0E}.Release|Any CPU.ActiveCfg = Release|Any CPU
		{C35B60E0-54DF-46A8-8A7C-4F0DC4D5AB0E}.Release|Any CPU.Build.0 = Release|Any CPU
	EndGlobalSection
	GlobalSection(SolutionProperties) = preSolution
		HideSolutionNode = FALSE
	EndGlobalSection
	GlobalSection(ExtensibilityGlobals) = postSolution
		SolutionGuid = {03291196-6EE3-4615-A7F7-B75A1DA41CB8}
	EndGlobalSection
EndGlobal
