
Microsoft Visual Studio Solution File, Format Version 12.00
# Visual Studio Version 17
VisualStudioVersion = 17.5.33502.453
MinimumVisualStudioVersion = 10.0.40219.1
Project("{FAE04EC0-301F-11D3-BF4B-00C04F79EFBC}") = "AccountTransactionApp", "AccountTransactionApp.csproj", "{5F76371A-718F-4B42-A093-81EF64C2F764}"
EndProject
Global
	GlobalSection(SolutionConfigurationPlatforms) = preSolution
		Debug|Any CPU = Debug|Any CPU
		Release|Any CPU = Release|Any CPU
	EndGlobalSection
	GlobalSection(ProjectConfigurationPlatforms) = postSolution
		{5F76371A-718F-4B42-A093-81EF64C2F764}.Debug|Any CPU.ActiveCfg = Debug|Any CPU
		{5F76371A-718F-4B42-A093-81EF64C2F764}.Debug|Any CPU.Build.0 = Debug|Any CPU
		{5F76371A-718F-4B42-A093-81EF64C2F764}.Release|Any CPU.ActiveCfg = Release|Any CPU
		{5F76371A-718F-4B42-A093-81EF64C2F764}.Release|Any CPU.Build.0 = Release|Any CPU
	EndGlobalSection
	GlobalSection(SolutionProperties) = preSolution
		HideSolutionNode = FALSE
	EndGlobalSection
	GlobalSection(ExtensibilityGlobals) = postSolution
		SolutionGuid = {A7FC05A5-6388-4B20-9A33-F1229173C1F8}
	EndGlobalSection
EndGlobal
