
Microsoft Visual Studio Solution File, Format Version 12.00
# Visual Studio Version 17
VisualStudioVersion = 17.5.33502.453
MinimumVisualStudioVersion = 10.0.40219.1
Project("{FAE04EC0-301F-11D3-BF4B-00C04F79EFBC}") = "SingletonPatternMultithreddingSlnApp", "SingletonPatternMultithreddingSlnApp.csproj", "{F059BCBA-DD0D-412F-9585-9ED513147A72}"
EndProject
Global
	GlobalSection(SolutionConfigurationPlatforms) = preSolution
		Debug|Any CPU = Debug|Any CPU
		Release|Any CPU = Release|Any CPU
	EndGlobalSection
	GlobalSection(ProjectConfigurationPlatforms) = postSolution
		{F059BCBA-DD0D-412F-9585-9ED513147A72}.Debug|Any CPU.ActiveCfg = Debug|Any CPU
		{F059BCBA-DD0D-412F-9585-9ED513147A72}.Debug|Any CPU.Build.0 = Debug|Any CPU
		{F059BCBA-DD0D-412F-9585-9ED513147A72}.Release|Any CPU.ActiveCfg = Release|Any CPU
		{F059BCBA-DD0D-412F-9585-9ED513147A72}.Release|Any CPU.Build.0 = Release|Any CPU
	EndGlobalSection
	GlobalSection(SolutionProperties) = preSolution
		HideSolutionNode = FALSE
	EndGlobalSection
	GlobalSection(ExtensibilityGlobals) = postSolution
		SolutionGuid = {7CA4C839-12BE-46E2-803B-53D49C1ECFA2}
	EndGlobalSection
EndGlobal
